
Microsoft Visual Studio Solution File, Format Version 12.00
# Visual Studio Version 17
VisualStudioVersion = 17.5.2.0
MinimumVisualStudioVersion = 10.0.40219.1
Project("{2150E333-8FDC-42A3-9474-1A3956D46DE8}") = "CsharpProjects", "CsharpProjects", "{377645E0-7459-E4D6-7B01-C40A186E0CA7}"
EndProject
Project("{FAE04EC0-301F-11D3-BF4B-00C04F79EFBC}") = "TestProject", "CsharpProjects\TestProject\TestProject.csproj", "{145180CF-A163-41B2-5D51-6806E7F01F1F}"
EndProject
Project("{FAE04EC0-301F-11D3-BF4B-00C04F79EFBC}") = "Proj1", "CsharpProjects\Proj1\Proj1.csproj", "{CFAE1B32-ABED-4482-931F-F5675974742A}"
EndProject
Project("{FAE04EC0-301F-11D3-BF4B-00C04F79EFBC}") = "Array", "CsharpProjects\Array\Array.csproj", "{8AF57537-5F91-4435-A019-E3F84C613737}"
EndProject
Project("{FAE04EC0-301F-11D3-BF4B-00C04F79EFBC}") = "Proj2", "CsharpProjects\Proj2\Proj2.csproj", "{8ACC5071-AD3E-4548-968E-9E6F4F47197D}"
EndProject
Project("{FAE04EC0-301F-11D3-BF4B-00C04F79EFBC}") = "StudentGradingApplication", "CsharpProjects\StudentGradingApplication\StudentGradingApplication.csproj", "{3BA68726-6F48-4356-AA2A-C5276B2B7CDD}"
EndProject
Project("{FAE04EC0-301F-11D3-BF4B-00C04F79EFBC}") = "BooleanExpressions", "CsharpProjects\BooleanExpressions\BooleanExpressions.csproj", "{6E0901E9-1FDE-4165-9F11-87896C3EE4C8}"
EndProject
Project("{FAE04EC0-301F-11D3-BF4B-00C04F79EFBC}") = "Proj3", "CsharpProjects\Proj3\Proj3.csproj", "{C5FE0C2E-3FF1-43A1-B15A-0EA79902EDD2}"
EndProject
Project("{FAE04EC0-301F-11D3-BF4B-00C04F79EFBC}") = "ControlVariableScope", "CsharpProjects\ControlVariableScope\ControlVariableScope.csproj", "{91397D54-2E00-41D1-9EE5-F81179447DFB}"
EndProject
Project("{FAE04EC0-301F-11D3-BF4B-00C04F79EFBC}") = "SwitchCase", "CsharpProjects\SwitchCase\SwitchCase.csproj", "{42103E0B-9ECE-4F68-A882-83B80314C4BC}"
EndProject
Project("{FAE04EC0-301F-11D3-BF4B-00C04F79EFBC}") = "Loops", "CsharpProjects\Loops\Loops.csproj", "{6B923872-2081-4FC3-B8EC-88BECA16A159}"
EndProject
Project("{FAE04EC0-301F-11D3-BF4B-00C04F79EFBC}") = "Proj4", "CsharpProjects\Proj4\Proj4.csproj", "{2785A4B7-C14B-42CA-A191-5B1D74ADE5AA}"
EndProject
Project("{FAE04EC0-301F-11D3-BF4B-00C04F79EFBC}") = "ContosoPetsApp", "CsharpProjects\ContosoPetsApp\ContosoPetsApp.csproj", "{9B3EBC21-17E1-4C2A-AFAF-34D5131437EE}"
EndProject
Project("{FAE04EC0-301F-11D3-BF4B-00C04F79EFBC}") = "VariablesAndDatatypes", "CsharpProjects\VariablesAndDatatypes\VariablesAndDatatypes.csproj", "{5E827643-6AF2-4E87-8F96-FA445995E22D}"
EndProject
Project("{FAE04EC0-301F-11D3-BF4B-00C04F79EFBC}") = "Methods", "CsharpProjects\Methods\Methods.csproj", "{CCBDE85C-F7DB-4062-9BD0-323C884D695F}"
EndProject
Global
	GlobalSection(SolutionConfigurationPlatforms) = preSolution
		Debug|Any CPU = Debug|Any CPU
		Debug|x64 = Debug|x64
		Debug|x86 = Debug|x86
		Release|Any CPU = Release|Any CPU
		Release|x64 = Release|x64
		Release|x86 = Release|x86
	EndGlobalSection
	GlobalSection(ProjectConfigurationPlatforms) = postSolution
		{145180CF-A163-41B2-5D51-6806E7F01F1F}.Debug|Any CPU.ActiveCfg = Debug|Any CPU
		{145180CF-A163-41B2-5D51-6806E7F01F1F}.Debug|Any CPU.Build.0 = Debug|Any CPU
		{145180CF-A163-41B2-5D51-6806E7F01F1F}.Debug|x64.ActiveCfg = Debug|Any CPU
		{145180CF-A163-41B2-5D51-6806E7F01F1F}.Debug|x64.Build.0 = Debug|Any CPU
		{145180CF-A163-41B2-5D51-6806E7F01F1F}.Debug|x86.ActiveCfg = Debug|Any CPU
		{145180CF-A163-41B2-5D51-6806E7F01F1F}.Debug|x86.Build.0 = Debug|Any CPU
		{145180CF-A163-41B2-5D51-6806E7F01F1F}.Release|Any CPU.ActiveCfg = Release|Any CPU
		{145180CF-A163-41B2-5D51-6806E7F01F1F}.Release|Any CPU.Build.0 = Release|Any CPU
		{145180CF-A163-41B2-5D51-6806E7F01F1F}.Release|x64.ActiveCfg = Release|Any CPU
		{145180CF-A163-41B2-5D51-6806E7F01F1F}.Release|x64.Build.0 = Release|Any CPU
		{145180CF-A163-41B2-5D51-6806E7F01F1F}.Release|x86.ActiveCfg = Release|Any CPU
		{145180CF-A163-41B2-5D51-6806E7F01F1F}.Release|x86.Build.0 = Release|Any CPU
		{CFAE1B32-ABED-4482-931F-F5675974742A}.Debug|Any CPU.ActiveCfg = Debug|Any CPU
		{CFAE1B32-ABED-4482-931F-F5675974742A}.Debug|Any CPU.Build.0 = Debug|Any CPU
		{CFAE1B32-ABED-4482-931F-F5675974742A}.Debug|x64.ActiveCfg = Debug|Any CPU
		{CFAE1B32-ABED-4482-931F-F5675974742A}.Debug|x64.Build.0 = Debug|Any CPU
		{CFAE1B32-ABED-4482-931F-F5675974742A}.Debug|x86.ActiveCfg = Debug|Any CPU
		{CFAE1B32-ABED-4482-931F-F5675974742A}.Debug|x86.Build.0 = Debug|Any CPU
		{CFAE1B32-ABED-4482-931F-F5675974742A}.Release|Any CPU.ActiveCfg = Release|Any CPU
		{CFAE1B32-ABED-4482-931F-F5675974742A}.Release|Any CPU.Build.0 = Release|Any CPU
		{CFAE1B32-ABED-4482-931F-F5675974742A}.Release|x64.ActiveCfg = Release|Any CPU
		{CFAE1B32-ABED-4482-931F-F5675974742A}.Release|x64.Build.0 = Release|Any CPU
		{CFAE1B32-ABED-4482-931F-F5675974742A}.Release|x86.ActiveCfg = Release|Any CPU
		{CFAE1B32-ABED-4482-931F-F5675974742A}.Release|x86.Build.0 = Release|Any CPU
		{8AF57537-5F91-4435-A019-E3F84C613737}.Debug|Any CPU.ActiveCfg = Debug|Any CPU
		{8AF57537-5F91-4435-A019-E3F84C613737}.Debug|Any CPU.Build.0 = Debug|Any CPU
		{8AF57537-5F91-4435-A019-E3F84C613737}.Debug|x64.ActiveCfg = Debug|Any CPU
		{8AF57537-5F91-4435-A019-E3F84C613737}.Debug|x64.Build.0 = Debug|Any CPU
		{8AF57537-5F91-4435-A019-E3F84C613737}.Debug|x86.ActiveCfg = Debug|Any CPU
		{8AF57537-5F91-4435-A019-E3F84C613737}.Debug|x86.Build.0 = Debug|Any CPU
		{8AF57537-5F91-4435-A019-E3F84C613737}.Release|Any CPU.ActiveCfg = Release|Any CPU
		{8AF57537-5F91-4435-A019-E3F84C613737}.Release|Any CPU.Build.0 = Release|Any CPU
		{8AF57537-5F91-4435-A019-E3F84C613737}.Release|x64.ActiveCfg = Release|Any CPU
		{8AF57537-5F91-4435-A019-E3F84C613737}.Release|x64.Build.0 = Release|Any CPU
		{8AF57537-5F91-4435-A019-E3F84C613737}.Release|x86.ActiveCfg = Release|Any CPU
		{8AF57537-5F91-4435-A019-E3F84C613737}.Release|x86.Build.0 = Release|Any CPU
		{8ACC5071-AD3E-4548-968E-9E6F4F47197D}.Debug|Any CPU.ActiveCfg = Debug|Any CPU
		{8ACC5071-AD3E-4548-968E-9E6F4F47197D}.Debug|Any CPU.Build.0 = Debug|Any CPU
		{8ACC5071-AD3E-4548-968E-9E6F4F47197D}.Debug|x64.ActiveCfg = Debug|Any CPU
		{8ACC5071-AD3E-4548-968E-9E6F4F47197D}.Debug|x64.Build.0 = Debug|Any CPU
		{8ACC5071-AD3E-4548-968E-9E6F4F47197D}.Debug|x86.ActiveCfg = Debug|Any CPU
		{8ACC5071-AD3E-4548-968E-9E6F4F47197D}.Debug|x86.Build.0 = Debug|Any CPU
		{8ACC5071-AD3E-4548-968E-9E6F4F47197D}.Release|Any CPU.ActiveCfg = Release|Any CPU
		{8ACC5071-AD3E-4548-968E-9E6F4F47197D}.Release|Any CPU.Build.0 = Release|Any CPU
		{8ACC5071-AD3E-4548-968E-9E6F4F47197D}.Release|x64.ActiveCfg = Release|Any CPU
		{8ACC5071-AD3E-4548-968E-9E6F4F47197D}.Release|x64.Build.0 = Release|Any CPU
		{8ACC5071-AD3E-4548-968E-9E6F4F47197D}.Release|x86.ActiveCfg = Release|Any CPU
		{8ACC5071-AD3E-4548-968E-9E6F4F47197D}.Release|x86.Build.0 = Release|Any CPU
		{3BA68726-6F48-4356-AA2A-C5276B2B7CDD}.Debug|Any CPU.ActiveCfg = Debug|Any CPU
		{3BA68726-6F48-4356-AA2A-C5276B2B7CDD}.Debug|Any CPU.Build.0 = Debug|Any CPU
		{3BA68726-6F48-4356-AA2A-C5276B2B7CDD}.Debug|x64.ActiveCfg = Debug|Any CPU
		{3BA68726-6F48-4356-AA2A-C5276B2B7CDD}.Debug|x64.Build.0 = Debug|Any CPU
		{3BA68726-6F48-4356-AA2A-C5276B2B7CDD}.Debug|x86.ActiveCfg = Debug|Any CPU
		{3BA68726-6F48-4356-AA2A-C5276B2B7CDD}.Debug|x86.Build.0 = Debug|Any CPU
		{3BA68726-6F48-4356-AA2A-C5276B2B7CDD}.Release|Any CPU.ActiveCfg = Release|Any CPU
		{3BA68726-6F48-4356-AA2A-C5276B2B7CDD}.Release|Any CPU.Build.0 = Release|Any CPU
		{3BA68726-6F48-4356-AA2A-C5276B2B7CDD}.Release|x64.ActiveCfg = Release|Any CPU
		{3BA68726-6F48-4356-AA2A-C5276B2B7CDD}.Release|x64.Build.0 = Release|Any CPU
		{3BA68726-6F48-4356-AA2A-C5276B2B7CDD}.Release|x86.ActiveCfg = Release|Any CPU
		{3BA68726-6F48-4356-AA2A-C5276B2B7CDD}.Release|x86.Build.0 = Release|Any CPU
		{6E0901E9-1FDE-4165-9F11-87896C3EE4C8}.Debug|Any CPU.ActiveCfg = Debug|Any CPU
		{6E0901E9-1FDE-4165-9F11-87896C3EE4C8}.Debug|Any CPU.Build.0 = Debug|Any CPU
		{6E0901E9-1FDE-4165-9F11-87896C3EE4C8}.Debug|x64.ActiveCfg = Debug|Any CPU
		{6E0901E9-1FDE-4165-9F11-87896C3EE4C8}.Debug|x64.Build.0 = Debug|Any CPU
		{6E0901E9-1FDE-4165-9F11-87896C3EE4C8}.Debug|x86.ActiveCfg = Debug|Any CPU
		{6E0901E9-1FDE-4165-9F11-87896C3EE4C8}.Debug|x86.Build.0 = Debug|Any CPU
		{6E0901E9-1FDE-4165-9F11-87896C3EE4C8}.Release|Any CPU.ActiveCfg = Release|Any CPU
		{6E0901E9-1FDE-4165-9F11-87896C3EE4C8}.Release|Any CPU.Build.0 = Release|Any CPU
		{6E0901E9-1FDE-4165-9F11-87896C3EE4C8}.Release|x64.ActiveCfg = Release|Any CPU
		{6E0901E9-1FDE-4165-9F11-87896C3EE4C8}.Release|x64.Build.0 = Release|Any CPU
		{6E0901E9-1FDE-4165-9F11-87896C3EE4C8}.Release|x86.ActiveCfg = Release|Any CPU
		{6E0901E9-1FDE-4165-9F11-87896C3EE4C8}.Release|x86.Build.0 = Release|Any CPU
		{C5FE0C2E-3FF1-43A1-B15A-0EA79902EDD2}.Debug|Any CPU.ActiveCfg = Debug|Any CPU
		{C5FE0C2E-3FF1-43A1-B15A-0EA79902EDD2}.Debug|Any CPU.Build.0 = Debug|Any CPU
		{C5FE0C2E-3FF1-43A1-B15A-0EA79902EDD2}.Debug|x64.ActiveCfg = Debug|Any CPU
		{C5FE0C2E-3FF1-43A1-B15A-0EA79902EDD2}.Debug|x64.Build.0 = Debug|Any CPU
		{C5FE0C2E-3FF1-43A1-B15A-0EA79902EDD2}.Debug|x86.ActiveCfg = Debug|Any CPU
		{C5FE0C2E-3FF1-43A1-B15A-0EA79902EDD2}.Debug|x86.Build.0 = Debug|Any CPU
		{C5FE0C2E-3FF1-43A1-B15A-0EA79902EDD2}.Release|Any CPU.ActiveCfg = Release|Any CPU
		{C5FE0C2E-3FF1-43A1-B15A-0EA79902EDD2}.Release|Any CPU.Build.0 = Release|Any CPU
		{C5FE0C2E-3FF1-43A1-B15A-0EA79902EDD2}.Release|x64.ActiveCfg = Release|Any CPU
		{C5FE0C2E-3FF1-43A1-B15A-0EA79902EDD2}.Release|x64.Build.0 = Release|Any CPU
		{C5FE0C2E-3FF1-43A1-B15A-0EA79902EDD2}.Release|x86.ActiveCfg = Release|Any CPU
		{C5FE0C2E-3FF1-43A1-B15A-0EA79902EDD2}.Release|x86.Build.0 = Release|Any CPU
		{91397D54-2E00-41D1-9EE5-F81179447DFB}.Debug|Any CPU.ActiveCfg = Debug|Any CPU
		{91397D54-2E00-41D1-9EE5-F81179447DFB}.Debug|Any CPU.Build.0 = Debug|Any CPU
		{91397D54-2E00-41D1-9EE5-F81179447DFB}.Debug|x64.ActiveCfg = Debug|Any CPU
		{91397D54-2E00-41D1-9EE5-F81179447DFB}.Debug|x64.Build.0 = Debug|Any CPU
		{91397D54-2E00-41D1-9EE5-F81179447DFB}.Debug|x86.ActiveCfg = Debug|Any CPU
		{91397D54-2E00-41D1-9EE5-F81179447DFB}.Debug|x86.Build.0 = Debug|Any CPU
		{91397D54-2E00-41D1-9EE5-F81179447DFB}.Release|Any CPU.ActiveCfg = Release|Any CPU
		{91397D54-2E00-41D1-9EE5-F81179447DFB}.Release|Any CPU.Build.0 = Release|Any CPU
		{91397D54-2E00-41D1-9EE5-F81179447DFB}.Release|x64.ActiveCfg = Release|Any CPU
		{91397D54-2E00-41D1-9EE5-F81179447DFB}.Release|x64.Build.0 = Release|Any CPU
		{91397D54-2E00-41D1-9EE5-F81179447DFB}.Release|x86.ActiveCfg = Release|Any CPU
		{91397D54-2E00-41D1-9EE5-F81179447DFB}.Release|x86.Build.0 = Release|Any CPU
		{42103E0B-9ECE-4F68-A882-83B80314C4BC}.Debug|Any CPU.ActiveCfg = Debug|Any CPU
		{42103E0B-9ECE-4F68-A882-83B80314C4BC}.Debug|Any CPU.Build.0 = Debug|Any CPU
		{42103E0B-9ECE-4F68-A882-83B80314C4BC}.Debug|x64.ActiveCfg = Debug|Any CPU
		{42103E0B-9ECE-4F68-A882-83B80314C4BC}.Debug|x64.Build.0 = Debug|Any CPU
		{42103E0B-9ECE-4F68-A882-83B80314C4BC}.Debug|x86.ActiveCfg = Debug|Any CPU
		{42103E0B-9ECE-4F68-A882-83B80314C4BC}.Debug|x86.Build.0 = Debug|Any CPU
		{42103E0B-9ECE-4F68-A882-83B80314C4BC}.Release|Any CPU.ActiveCfg = Release|Any CPU
		{42103E0B-9ECE-4F68-A882-83B80314C4BC}.Release|Any CPU.Build.0 = Release|Any CPU
		{42103E0B-9ECE-4F68-A882-83B80314C4BC}.Release|x64.ActiveCfg = Release|Any CPU
		{42103E0B-9ECE-4F68-A882-83B80314C4BC}.Release|x64.Build.0 = Release|Any CPU
		{42103E0B-9ECE-4F68-A882-83B80314C4BC}.Release|x86.ActiveCfg = Release|Any CPU
		{42103E0B-9ECE-4F68-A882-83B80314C4BC}.Release|x86.Build.0 = Release|Any CPU
		{6B923872-2081-4FC3-B8EC-88BECA16A159}.Debug|Any CPU.ActiveCfg = Debug|Any CPU
		{6B923872-2081-4FC3-B8EC-88BECA16A159}.Debug|Any CPU.Build.0 = Debug|Any CPU
		{6B923872-2081-4FC3-B8EC-88BECA16A159}.Debug|x64.ActiveCfg = Debug|Any CPU
		{6B923872-2081-4FC3-B8EC-88BECA16A159}.Debug|x64.Build.0 = Debug|Any CPU
		{6B923872-2081-4FC3-B8EC-88BECA16A159}.Debug|x86.ActiveCfg = Debug|Any CPU
		{6B923872-2081-4FC3-B8EC-88BECA16A159}.Debug|x86.Build.0 = Debug|Any CPU
		{6B923872-2081-4FC3-B8EC-88BECA16A159}.Release|Any CPU.ActiveCfg = Release|Any CPU
		{6B923872-2081-4FC3-B8EC-88BECA16A159}.Release|Any CPU.Build.0 = Release|Any CPU
		{6B923872-2081-4FC3-B8EC-88BECA16A159}.Release|x64.ActiveCfg = Release|Any CPU
		{6B923872-2081-4FC3-B8EC-88BECA16A159}.Release|x64.Build.0 = Release|Any CPU
		{6B923872-2081-4FC3-B8EC-88BECA16A159}.Release|x86.ActiveCfg = Release|Any CPU
		{6B923872-2081-4FC3-B8EC-88BECA16A159}.Release|x86.Build.0 = Release|Any CPU
		{2785A4B7-C14B-42CA-A191-5B1D74ADE5AA}.Debug|Any CPU.ActiveCfg = Debug|Any CPU
		{2785A4B7-C14B-42CA-A191-5B1D74ADE5AA}.Debug|Any CPU.Build.0 = Debug|Any CPU
		{2785A4B7-C14B-42CA-A191-5B1D74ADE5AA}.Debug|x64.ActiveCfg = Debug|Any CPU
		{2785A4B7-C14B-42CA-A191-5B1D74ADE5AA}.Debug|x64.Build.0 = Debug|Any CPU
		{2785A4B7-C14B-42CA-A191-5B1D74ADE5AA}.Debug|x86.ActiveCfg = Debug|Any CPU
		{2785A4B7-C14B-42CA-A191-5B1D74ADE5AA}.Debug|x86.Build.0 = Debug|Any CPU
		{2785A4B7-C14B-42CA-A191-5B1D74ADE5AA}.Release|Any CPU.ActiveCfg = Release|Any CPU
		{2785A4B7-C14B-42CA-A191-5B1D74ADE5AA}.Release|Any CPU.Build.0 = Release|Any CPU
		{2785A4B7-C14B-42CA-A191-5B1D74ADE5AA}.Release|x64.ActiveCfg = Release|Any CPU
		{2785A4B7-C14B-42CA-A191-5B1D74ADE5AA}.Release|x64.Build.0 = Release|Any CPU
		{2785A4B7-C14B-42CA-A191-5B1D74ADE5AA}.Release|x86.ActiveCfg = Release|Any CPU
		{2785A4B7-C14B-42CA-A191-5B1D74ADE5AA}.Release|x86.Build.0 = Release|Any CPU
		{9B3EBC21-17E1-4C2A-AFAF-34D5131437EE}.Debug|Any CPU.ActiveCfg = Debug|Any CPU
		{9B3EBC21-17E1-4C2A-AFAF-34D5131437EE}.Debug|Any CPU.Build.0 = Debug|Any CPU
		{9B3EBC21-17E1-4C2A-AFAF-34D5131437EE}.Debug|x64.ActiveCfg = Debug|Any CPU
		{9B3EBC21-17E1-4C2A-AFAF-34D5131437EE}.Debug|x64.Build.0 = Debug|Any CPU
		{9B3EBC21-17E1-4C2A-AFAF-34D5131437EE}.Debug|x86.ActiveCfg = Debug|Any CPU
		{9B3EBC21-17E1-4C2A-AFAF-34D5131437EE}.Debug|x86.Build.0 = Debug|Any CPU
		{9B3EBC21-17E1-4C2A-AFAF-34D5131437EE}.Release|Any CPU.ActiveCfg = Release|Any CPU
		{9B3EBC21-17E1-4C2A-AFAF-34D5131437EE}.Release|Any CPU.Build.0 = Release|Any CPU
		{9B3EBC21-17E1-4C2A-AFAF-34D5131437EE}.Release|x64.ActiveCfg = Release|Any CPU
		{9B3EBC21-17E1-4C2A-AFAF-34D5131437EE}.Release|x64.Build.0 = Release|Any CPU
		{9B3EBC21-17E1-4C2A-AFAF-34D5131437EE}.Release|x86.ActiveCfg = Release|Any CPU
		{9B3EBC21-17E1-4C2A-AFAF-34D5131437EE}.Release|x86.Build.0 = Release|Any CPU
		{5E827643-6AF2-4E87-8F96-FA445995E22D}.Debug|Any CPU.ActiveCfg = Debug|Any CPU
		{5E827643-6AF2-4E87-8F96-FA445995E22D}.Debug|Any CPU.Build.0 = Debug|Any CPU
		{5E827643-6AF2-4E87-8F96-FA445995E22D}.Debug|x64.ActiveCfg = Debug|Any CPU
		{5E827643-6AF2-4E87-8F96-FA445995E22D}.Debug|x64.Build.0 = Debug|Any CPU
		{5E827643-6AF2-4E87-8F96-FA445995E22D}.Debug|x86.ActiveCfg = Debug|Any CPU
		{5E827643-6AF2-4E87-8F96-FA445995E22D}.Debug|x86.Build.0 = Debug|Any CPU
		{5E827643-6AF2-4E87-8F96-FA445995E22D}.Release|Any CPU.ActiveCfg = Release|Any CPU
		{5E827643-6AF2-4E87-8F96-FA445995E22D}.Release|Any CPU.Build.0 = Release|Any CPU
		{5E827643-6AF2-4E87-8F96-FA445995E22D}.Release|x64.ActiveCfg = Release|Any CPU
		{5E827643-6AF2-4E87-8F96-FA445995E22D}.Release|x64.Build.0 = Release|Any CPU
		{5E827643-6AF2-4E87-8F96-FA445995E22D}.Release|x86.ActiveCfg = Release|Any CPU
		{5E827643-6AF2-4E87-8F96-FA445995E22D}.Release|x86.Build.0 = Release|Any CPU
		{CCBDE85C-F7DB-4062-9BD0-323C884D695F}.Debug|Any CPU.ActiveCfg = Debug|Any CPU
		{CCBDE85C-F7DB-4062-9BD0-323C884D695F}.Debug|Any CPU.Build.0 = Debug|Any CPU
		{CCBDE85C-F7DB-4062-9BD0-323C884D695F}.Debug|x64.ActiveCfg = Debug|Any CPU
		{CCBDE85C-F7DB-4062-9BD0-323C884D695F}.Debug|x64.Build.0 = Debug|Any CPU
		{CCBDE85C-F7DB-4062-9BD0-323C884D695F}.Debug|x86.ActiveCfg = Debug|Any CPU
		{CCBDE85C-F7DB-4062-9BD0-323C884D695F}.Debug|x86.Build.0 = Debug|Any CPU
		{CCBDE85C-F7DB-4062-9BD0-323C884D695F}.Release|Any CPU.ActiveCfg = Release|Any CPU
		{CCBDE85C-F7DB-4062-9BD0-323C884D695F}.Release|Any CPU.Build.0 = Release|Any CPU
		{CCBDE85C-F7DB-4062-9BD0-323C884D695F}.Release|x64.ActiveCfg = Release|Any CPU
		{CCBDE85C-F7DB-4062-9BD0-323C884D695F}.Release|x64.Build.0 = Release|Any CPU
		{CCBDE85C-F7DB-4062-9BD0-323C884D695F}.Release|x86.ActiveCfg = Release|Any CPU
		{CCBDE85C-F7DB-4062-9BD0-323C884D695F}.Release|x86.Build.0 = Release|Any CPU
	EndGlobalSection
	GlobalSection(SolutionProperties) = preSolution
		HideSolutionNode = FALSE
	EndGlobalSection
	GlobalSection(NestedProjects) = preSolution
		{145180CF-A163-41B2-5D51-6806E7F01F1F} = {377645E0-7459-E4D6-7B01-C40A186E0CA7}
		{CFAE1B32-ABED-4482-931F-F5675974742A} = {377645E0-7459-E4D6-7B01-C40A186E0CA7}
		{8AF57537-5F91-4435-A019-E3F84C613737} = {377645E0-7459-E4D6-7B01-C40A186E0CA7}
		{8ACC5071-AD3E-4548-968E-9E6F4F47197D} = {377645E0-7459-E4D6-7B01-C40A186E0CA7}
		{3BA68726-6F48-4356-AA2A-C5276B2B7CDD} = {377645E0-7459-E4D6-7B01-C40A186E0CA7}
		{6E0901E9-1FDE-4165-9F11-87896C3EE4C8} = {377645E0-7459-E4D6-7B01-C40A186E0CA7}
		{C5FE0C2E-3FF1-43A1-B15A-0EA79902EDD2} = {377645E0-7459-E4D6-7B01-C40A186E0CA7}
		{91397D54-2E00-41D1-9EE5-F81179447DFB} = {377645E0-7459-E4D6-7B01-C40A186E0CA7}
		{42103E0B-9ECE-4F68-A882-83B80314C4BC} = {377645E0-7459-E4D6-7B01-C40A186E0CA7}
		{6B923872-2081-4FC3-B8EC-88BECA16A159} = {377645E0-7459-E4D6-7B01-C40A186E0CA7}
		{2785A4B7-C14B-42CA-A191-5B1D74ADE5AA} = {377645E0-7459-E4D6-7B01-C40A186E0CA7}
		{9B3EBC21-17E1-4C2A-AFAF-34D5131437EE} = {377645E0-7459-E4D6-7B01-C40A186E0CA7}
		{5E827643-6AF2-4E87-8F96-FA445995E22D} = {377645E0-7459-E4D6-7B01-C40A186E0CA7}
		{CCBDE85C-F7DB-4062-9BD0-323C884D695F} = {377645E0-7459-E4D6-7B01-C40A186E0CA7}
	EndGlobalSection
	GlobalSection(ExtensibilityGlobals) = postSolution
		SolutionGuid = {DE57C67F-F44D-4AB2-931E-961D465F40E9}
	EndGlobalSection
EndGlobal
