
Microsoft Visual Studio Solution File, Format Version 12.00
# Visual Studio Version 17
VisualStudioVersion = 17.5.2.0
MinimumVisualStudioVersion = 10.0.40219.1
Project("{2150E333-8FDC-42A3-9474-1A3956D46DE8}") = "CsharpProjects", "CsharpProjects", "{377645E0-7459-E4D6-7B01-C40A186E0CA7}"
EndProject
Project("{FAE04EC0-301F-11D3-BF4B-00C04F79EFBC}") = "TestProject", "CsharpProjects\TestProject\TestProject.csproj", "{145180CF-A163-41B2-5D51-6806E7F01F1F}"
EndProject
Project("{FAE04EC0-301F-11D3-BF4B-00C04F79EFBC}") = "Proj1", "CsharpProjects\Proj1\Proj1.csproj", "{CFAE1B32-ABED-4482-931F-F5675974742A}"
EndProject
Project("{FAE04EC0-301F-11D3-BF4B-00C04F79EFBC}") = "Array", "CsharpProjects\Array\Array.csproj", "{8AF57537-5F91-4435-A019-E3F84C613737}"
EndProject
Project("{FAE04EC0-301F-11D3-BF4B-00C04F79EFBC}") = "Proj2", "CsharpProjects\Proj2\Proj2.csproj", "{8ACC5071-AD3E-4548-968E-9E6F4F47197D}"
EndProject
Project("{FAE04EC0-301F-11D3-BF4B-00C04F79EFBC}") = "StudentGradingApplication", "CsharpProjects\StudentGradingApplication\StudentGradingApplication.csproj", "{3BA68726-6F48-4356-AA2A-C5276B2B7CDD}"
EndProject
Project("{FAE04EC0-301F-11D3-BF4B-00C04F79EFBC}") = "BooleanExpressions", "CsharpProjects\BooleanExpressions\BooleanExpressions.csproj", "{6E0901E9-1FDE-4165-9F11-87896C3EE4C8}"
EndProject
Project("{FAE04EC0-301F-11D3-BF4B-00C04F79EFBC}") = "Proj3", "CsharpProjects\Proj3\Proj3.csproj", "{C5FE0C2E-3FF1-43A1-B15A-0EA79902EDD2}"
EndProject
Global
	GlobalSection(SolutionConfigurationPlatforms) = preSolution
		Debug|Any CPU = Debug|Any CPU
		Debug|x64 = Debug|x64
		Debug|x86 = Debug|x86
		Release|Any CPU = Release|Any CPU
		Release|x64 = Release|x64
		Release|x86 = Release|x86
	EndGlobalSection
	GlobalSection(ProjectConfigurationPlatforms) = postSolution
		{145180CF-A163-41B2-5D51-6806E7F01F1F}.Debug|Any CPU.ActiveCfg = Debug|Any CPU
		{145180CF-A163-41B2-5D51-6806E7F01F1F}.Debug|Any CPU.Build.0 = Debug|Any CPU
		{145180CF-A163-41B2-5D51-6806E7F01F1F}.Debug|x64.ActiveCfg = Debug|Any CPU
		{145180CF-A163-41B2-5D51-6806E7F01F1F}.Debug|x64.Build.0 = Debug|Any CPU
		{145180CF-A163-41B2-5D51-6806E7F01F1F}.Debug|x86.ActiveCfg = Debug|Any CPU
		{145180CF-A163-41B2-5D51-6806E7F01F1F}.Debug|x86.Build.0 = Debug|Any CPU
		{145180CF-A163-41B2-5D51-6806E7F01F1F}.Release|Any CPU.ActiveCfg = Release|Any CPU
		{145180CF-A163-41B2-5D51-6806E7F01F1F}.Release|Any CPU.Build.0 = Release|Any CPU
		{145180CF-A163-41B2-5D51-6806E7F01F1F}.Release|x64.ActiveCfg = Release|Any CPU
		{145180CF-A163-41B2-5D51-6806E7F01F1F}.Release|x64.Build.0 = Release|Any CPU
		{145180CF-A163-41B2-5D51-6806E7F01F1F}.Release|x86.ActiveCfg = Release|Any CPU
		{145180CF-A163-41B2-5D51-6806E7F01F1F}.Release|x86.Build.0 = Release|Any CPU
		{CFAE1B32-ABED-4482-931F-F5675974742A}.Debug|Any CPU.ActiveCfg = Debug|Any CPU
		{CFAE1B32-ABED-4482-931F-F5675974742A}.Debug|Any CPU.Build.0 = Debug|Any CPU
		{CFAE1B32-ABED-4482-931F-F5675974742A}.Debug|x64.ActiveCfg = Debug|Any CPU
		{CFAE1B32-ABED-4482-931F-F5675974742A}.Debug|x64.Build.0 = Debug|Any CPU
		{CFAE1B32-ABED-4482-931F-F5675974742A}.Debug|x86.ActiveCfg = Debug|Any CPU
		{CFAE1B32-ABED-4482-931F-F5675974742A}.Debug|x86.Build.0 = Debug|Any CPU
		{CFAE1B32-ABED-4482-931F-F5675974742A}.Release|Any CPU.ActiveCfg = Release|Any CPU
		{CFAE1B32-ABED-4482-931F-F5675974742A}.Release|Any CPU.Build.0 = Release|Any CPU
		{CFAE1B32-ABED-4482-931F-F5675974742A}.Release|x64.ActiveCfg = Release|Any CPU
		{CFAE1B32-ABED-4482-931F-F5675974742A}.Release|x64.Build.0 = Release|Any CPU
		{CFAE1B32-ABED-4482-931F-F5675974742A}.Release|x86.ActiveCfg = Release|Any CPU
		{CFAE1B32-ABED-4482-931F-F5675974742A}.Release|x86.Build.0 = Release|Any CPU
		{8AF57537-5F91-4435-A019-E3F84C613737}.Debug|Any CPU.ActiveCfg = Debug|Any CPU
		{8AF57537-5F91-4435-A019-E3F84C613737}.Debug|Any CPU.Build.0 = Debug|Any CPU
		{8AF57537-5F91-4435-A019-E3F84C613737}.Debug|x64.ActiveCfg = Debug|Any CPU
		{8AF57537-5F91-4435-A019-E3F84C613737}.Debug|x64.Build.0 = Debug|Any CPU
		{8AF57537-5F91-4435-A019-E3F84C613737}.Debug|x86.ActiveCfg = Debug|Any CPU
		{8AF57537-5F91-4435-A019-E3F84C613737}.Debug|x86.Build.0 = Debug|Any CPU
		{8AF57537-5F91-4435-A019-E3F84C613737}.Release|Any CPU.ActiveCfg = Release|Any CPU
		{8AF57537-5F91-4435-A019-E3F84C613737}.Release|Any CPU.Build.0 = Release|Any CPU
		{8AF57537-5F91-4435-A019-E3F84C613737}.Release|x64.ActiveCfg = Release|Any CPU
		{8AF57537-5F91-4435-A019-E3F84C613737}.Release|x64.Build.0 = Release|Any CPU
		{8AF57537-5F91-4435-A019-E3F84C613737}.Release|x86.ActiveCfg = Release|Any CPU
		{8AF57537-5F91-4435-A019-E3F84C613737}.Release|x86.Build.0 = Release|Any CPU
		{8ACC5071-AD3E-4548-968E-9E6F4F47197D}.Debug|Any CPU.ActiveCfg = Debug|Any CPU
		{8ACC5071-AD3E-4548-968E-9E6F4F47197D}.Debug|Any CPU.Build.0 = Debug|Any CPU
		{8ACC5071-AD3E-4548-968E-9E6F4F47197D}.Debug|x64.ActiveCfg = Debug|Any CPU
		{8ACC5071-AD3E-4548-968E-9E6F4F47197D}.Debug|x64.Build.0 = Debug|Any CPU
		{8ACC5071-AD3E-4548-968E-9E6F4F47197D}.Debug|x86.ActiveCfg = Debug|Any CPU
		{8ACC5071-AD3E-4548-968E-9E6F4F47197D}.Debug|x86.Build.0 = Debug|Any CPU
		{8ACC5071-AD3E-4548-968E-9E6F4F47197D}.Release|Any CPU.ActiveCfg = Release|Any CPU
		{8ACC5071-AD3E-4548-968E-9E6F4F47197D}.Release|Any CPU.Build.0 = Release|Any CPU
		{8ACC5071-AD3E-4548-968E-9E6F4F47197D}.Release|x64.ActiveCfg = Release|Any CPU
		{8ACC5071-AD3E-4548-968E-9E6F4F47197D}.Release|x64.Build.0 = Release|Any CPU
		{8ACC5071-AD3E-4548-968E-9E6F4F47197D}.Release|x86.ActiveCfg = Release|Any CPU
		{8ACC5071-AD3E-4548-968E-9E6F4F47197D}.Release|x86.Build.0 = Release|Any CPU
		{3BA68726-6F48-4356-AA2A-C5276B2B7CDD}.Debug|Any CPU.ActiveCfg = Debug|Any CPU
		{3BA68726-6F48-4356-AA2A-C5276B2B7CDD}.Debug|Any CPU.Build.0 = Debug|Any CPU
		{3BA68726-6F48-4356-AA2A-C5276B2B7CDD}.Debug|x64.ActiveCfg = Debug|Any CPU
		{3BA68726-6F48-4356-AA2A-C5276B2B7CDD}.Debug|x64.Build.0 = Debug|Any CPU
		{3BA68726-6F48-4356-AA2A-C5276B2B7CDD}.Debug|x86.ActiveCfg = Debug|Any CPU
		{3BA68726-6F48-4356-AA2A-C5276B2B7CDD}.Debug|x86.Build.0 = Debug|Any CPU
		{3BA68726-6F48-4356-AA2A-C5276B2B7CDD}.Release|Any CPU.ActiveCfg = Release|Any CPU
		{3BA68726-6F48-4356-AA2A-C5276B2B7CDD}.Release|Any CPU.Build.0 = Release|Any CPU
		{3BA68726-6F48-4356-AA2A-C5276B2B7CDD}.Release|x64.ActiveCfg = Release|Any CPU
		{3BA68726-6F48-4356-AA2A-C5276B2B7CDD}.Release|x64.Build.0 = Release|Any CPU
		{3BA68726-6F48-4356-AA2A-C5276B2B7CDD}.Release|x86.ActiveCfg = Release|Any CPU
		{3BA68726-6F48-4356-AA2A-C5276B2B7CDD}.Release|x86.Build.0 = Release|Any CPU
		{6E0901E9-1FDE-4165-9F11-87896C3EE4C8}.Debug|Any CPU.ActiveCfg = Debug|Any CPU
		{6E0901E9-1FDE-4165-9F11-87896C3EE4C8}.Debug|Any CPU.Build.0 = Debug|Any CPU
		{6E0901E9-1FDE-4165-9F11-87896C3EE4C8}.Debug|x64.ActiveCfg = Debug|Any CPU
		{6E0901E9-1FDE-4165-9F11-87896C3EE4C8}.Debug|x64.Build.0 = Debug|Any CPU
		{6E0901E9-1FDE-4165-9F11-87896C3EE4C8}.Debug|x86.ActiveCfg = Debug|Any CPU
		{6E0901E9-1FDE-4165-9F11-87896C3EE4C8}.Debug|x86.Build.0 = Debug|Any CPU
		{6E0901E9-1FDE-4165-9F11-87896C3EE4C8}.Release|Any CPU.ActiveCfg = Release|Any CPU
		{6E0901E9-1FDE-4165-9F11-87896C3EE4C8}.Release|Any CPU.Build.0 = Release|Any CPU
		{6E0901E9-1FDE-4165-9F11-87896C3EE4C8}.Release|x64.ActiveCfg = Release|Any CPU
		{6E0901E9-1FDE-4165-9F11-87896C3EE4C8}.Release|x64.Build.0 = Release|Any CPU
		{6E0901E9-1FDE-4165-9F11-87896C3EE4C8}.Release|x86.ActiveCfg = Release|Any CPU
		{6E0901E9-1FDE-4165-9F11-87896C3EE4C8}.Release|x86.Build.0 = Release|Any CPU
		{C5FE0C2E-3FF1-43A1-B15A-0EA79902EDD2}.Debug|Any CPU.ActiveCfg = Debug|Any CPU
		{C5FE0C2E-3FF1-43A1-B15A-0EA79902EDD2}.Debug|Any CPU.Build.0 = Debug|Any CPU
		{C5FE0C2E-3FF1-43A1-B15A-0EA79902EDD2}.Debug|x64.ActiveCfg = Debug|Any CPU
		{C5FE0C2E-3FF1-43A1-B15A-0EA79902EDD2}.Debug|x64.Build.0 = Debug|Any CPU
		{C5FE0C2E-3FF1-43A1-B15A-0EA79902EDD2}.Debug|x86.ActiveCfg = Debug|Any CPU
		{C5FE0C2E-3FF1-43A1-B15A-0EA79902EDD2}.Debug|x86.Build.0 = Debug|Any CPU
		{C5FE0C2E-3FF1-43A1-B15A-0EA79902EDD2}.Release|Any CPU.ActiveCfg = Release|Any CPU
		{C5FE0C2E-3FF1-43A1-B15A-0EA79902EDD2}.Release|Any CPU.Build.0 = Release|Any CPU
		{C5FE0C2E-3FF1-43A1-B15A-0EA79902EDD2}.Release|x64.ActiveCfg = Release|Any CPU
		{C5FE0C2E-3FF1-43A1-B15A-0EA79902EDD2}.Release|x64.Build.0 = Release|Any CPU
		{C5FE0C2E-3FF1-43A1-B15A-0EA79902EDD2}.Release|x86.ActiveCfg = Release|Any CPU
		{C5FE0C2E-3FF1-43A1-B15A-0EA79902EDD2}.Release|x86.Build.0 = Release|Any CPU
	EndGlobalSection
	GlobalSection(SolutionProperties) = preSolution
		HideSolutionNode = FALSE
	EndGlobalSection
	GlobalSection(NestedProjects) = preSolution
		{145180CF-A163-41B2-5D51-6806E7F01F1F} = {377645E0-7459-E4D6-7B01-C40A186E0CA7}
		{CFAE1B32-ABED-4482-931F-F5675974742A} = {377645E0-7459-E4D6-7B01-C40A186E0CA7}
		{8AF57537-5F91-4435-A019-E3F84C613737} = {377645E0-7459-E4D6-7B01-C40A186E0CA7}
		{8ACC5071-AD3E-4548-968E-9E6F4F47197D} = {377645E0-7459-E4D6-7B01-C40A186E0CA7}
		{3BA68726-6F48-4356-AA2A-C5276B2B7CDD} = {377645E0-7459-E4D6-7B01-C40A186E0CA7}
		{6E0901E9-1FDE-4165-9F11-87896C3EE4C8} = {377645E0-7459-E4D6-7B01-C40A186E0CA7}
		{C5FE0C2E-3FF1-43A1-B15A-0EA79902EDD2} = {377645E0-7459-E4D6-7B01-C40A186E0CA7}
	EndGlobalSection
	GlobalSection(ExtensibilityGlobals) = postSolution
		SolutionGuid = {DE57C67F-F44D-4AB2-931E-961D465F40E9}
	EndGlobalSection
EndGlobal
